
Microsoft Visual Studio Solution File, Format Version 12.00
# Visual Studio Version 17
VisualStudioVersion = 17.9.34701.34
MinimumVisualStudioVersion = 10.0.40219.1
Project("{2150E333-8FDC-42A3-9474-1A3956D46DE8}") = "src", "src", "{4B7A73E7-9ED8-498B-B382-7135A861C5DF}"
EndProject
Project("{2150E333-8FDC-42A3-9474-1A3956D46DE8}") = "tests", "tests", "{D5DB216C-292F-40F3-AB99-61B1A98A8279}"
EndProject
Project("{2150E333-8FDC-42A3-9474-1A3956D46DE8}") = "Presentation", "Presentation", "{3070EEC8-93D3-4973-8552-EE5E90931F96}"
EndProject
Project("{2150E333-8FDC-42A3-9474-1A3956D46DE8}") = "Todo", "Todo", "{0465D59B-3590-485B-9746-B38FACBC004D}"
EndProject
Project("{2150E333-8FDC-42A3-9474-1A3956D46DE8}") = "Core", "Core", "{19DBA668-6269-4622-8881-713159D73672}"
EndProject
Project("{2150E333-8FDC-42A3-9474-1A3956D46DE8}") = "Infrastructure", "Infrastructure", "{B4210F7C-DE48-43A4-B951-6EDB815DEA5F}"
EndProject
Project("{9A19103F-16F7-4668-BE54-9A1E7A4F7556}") = "Api", "src\Presentation\Api\Api.csproj", "{336D675D-76B5-4748-A0D0-2118C0549C12}"
EndProject
Project("{9A19103F-16F7-4668-BE54-9A1E7A4F7556}") = "Domain", "src\Todo\Core\Domain\Domain.csproj", "{501ABD5D-059F-4610-8A2E-EC1C87A99D98}"
EndProject
Project("{9A19103F-16F7-4668-BE54-9A1E7A4F7556}") = "Application", "src\Todo\Core\Application\Application.csproj", "{1C149377-3E64-40DF-94E1-381344AF3E85}"
EndProject
Project("{9A19103F-16F7-4668-BE54-9A1E7A4F7556}") = "Infrastructure", "src\Todo\Infrastructure\Infrastructure\Infrastructure.csproj", "{B9AB777C-2776-4800-96FA-A7F6CCDBCC65}"
EndProject
Project("{9A19103F-16F7-4668-BE54-9A1E7A4F7556}") = "Persistence", "src\Todo\Infrastructure\Persistence\Persistence.csproj", "{AADA5050-9057-4CF3-AA45-9B498341E1BE}"
EndProject
Project("{E53339B2-1760-4266-BCC7-CA923CBCF16C}") = "docker-compose", "docker-compose.dcproj", "{549B8BC3-FF3C-4754-8D9E-84D1F0CA7750}"
EndProject
Project("{9A19103F-16F7-4668-BE54-9A1E7A4F7556}") = "Todo.Application.UnitTests", "tests\Todo.Application.UnitTests\Todo.Application.UnitTests.csproj", "{62E75D7C-A657-42A1-8195-F209C5A9998F}"
EndProject
Project("{FAE04EC0-301F-11D3-BF4B-00C04F79EFBC}") = "Todo.Infrastructure.UnitTests", "tests\Todo.Infrastructure.UnitTests\Todo.Infrastructure.UnitTests.csproj", "{FB6FFABC-50D4-4744-B2AD-60479A3C0D10}"
EndProject
Global
	GlobalSection(SolutionConfigurationPlatforms) = preSolution
		Debug|Any CPU = Debug|Any CPU
		Release|Any CPU = Release|Any CPU
	EndGlobalSection
	GlobalSection(ProjectConfigurationPlatforms) = postSolution
		{336D675D-76B5-4748-A0D0-2118C0549C12}.Debug|Any CPU.ActiveCfg = Debug|Any CPU
		{336D675D-76B5-4748-A0D0-2118C0549C12}.Debug|Any CPU.Build.0 = Debug|Any CPU
		{336D675D-76B5-4748-A0D0-2118C0549C12}.Release|Any CPU.ActiveCfg = Release|Any CPU
		{336D675D-76B5-4748-A0D0-2118C0549C12}.Release|Any CPU.Build.0 = Release|Any CPU
		{501ABD5D-059F-4610-8A2E-EC1C87A99D98}.Debug|Any CPU.ActiveCfg = Debug|Any CPU
		{501ABD5D-059F-4610-8A2E-EC1C87A99D98}.Debug|Any CPU.Build.0 = Debug|Any CPU
		{501ABD5D-059F-4610-8A2E-EC1C87A99D98}.Release|Any CPU.ActiveCfg = Release|Any CPU
		{501ABD5D-059F-4610-8A2E-EC1C87A99D98}.Release|Any CPU.Build.0 = Release|Any CPU
		{1C149377-3E64-40DF-94E1-381344AF3E85}.Debug|Any CPU.ActiveCfg = Debug|Any CPU
		{1C149377-3E64-40DF-94E1-381344AF3E85}.Debug|Any CPU.Build.0 = Debug|Any CPU
		{1C149377-3E64-40DF-94E1-381344AF3E85}.Release|Any CPU.ActiveCfg = Release|Any CPU
		{1C149377-3E64-40DF-94E1-381344AF3E85}.Release|Any CPU.Build.0 = Release|Any CPU
		{B9AB777C-2776-4800-96FA-A7F6CCDBCC65}.Debug|Any CPU.ActiveCfg = Debug|Any CPU
		{B9AB777C-2776-4800-96FA-A7F6CCDBCC65}.Debug|Any CPU.Build.0 = Debug|Any CPU
		{B9AB777C-2776-4800-96FA-A7F6CCDBCC65}.Release|Any CPU.ActiveCfg = Release|Any CPU
		{B9AB777C-2776-4800-96FA-A7F6CCDBCC65}.Release|Any CPU.Build.0 = Release|Any CPU
		{AADA5050-9057-4CF3-AA45-9B498341E1BE}.Debug|Any CPU.ActiveCfg = Debug|Any CPU
		{AADA5050-9057-4CF3-AA45-9B498341E1BE}.Debug|Any CPU.Build.0 = Debug|Any CPU
		{AADA5050-9057-4CF3-AA45-9B498341E1BE}.Release|Any CPU.ActiveCfg = Release|Any CPU
		{AADA5050-9057-4CF3-AA45-9B498341E1BE}.Release|Any CPU.Build.0 = Release|Any CPU
		{549B8BC3-FF3C-4754-8D9E-84D1F0CA7750}.Debug|Any CPU.ActiveCfg = Debug|Any CPU
		{549B8BC3-FF3C-4754-8D9E-84D1F0CA7750}.Debug|Any CPU.Build.0 = Debug|Any CPU
		{549B8BC3-FF3C-4754-8D9E-84D1F0CA7750}.Release|Any CPU.ActiveCfg = Release|Any CPU
		{549B8BC3-FF3C-4754-8D9E-84D1F0CA7750}.Release|Any CPU.Build.0 = Release|Any CPU
		{62E75D7C-A657-42A1-8195-F209C5A9998F}.Debug|Any CPU.ActiveCfg = Debug|Any CPU
		{62E75D7C-A657-42A1-8195-F209C5A9998F}.Debug|Any CPU.Build.0 = Debug|Any CPU
		{62E75D7C-A657-42A1-8195-F209C5A9998F}.Release|Any CPU.ActiveCfg = Release|Any CPU
		{62E75D7C-A657-42A1-8195-F209C5A9998F}.Release|Any CPU.Build.0 = Release|Any CPU
		{FB6FFABC-50D4-4744-B2AD-60479A3C0D10}.Debug|Any CPU.ActiveCfg = Debug|Any CPU
		{FB6FFABC-50D4-4744-B2AD-60479A3C0D10}.Debug|Any CPU.Build.0 = Debug|Any CPU
		{FB6FFABC-50D4-4744-B2AD-60479A3C0D10}.Release|Any CPU.ActiveCfg = Release|Any CPU
		{FB6FFABC-50D4-4744-B2AD-60479A3C0D10}.Release|Any CPU.Build.0 = Release|Any CPU
	EndGlobalSection
	GlobalSection(SolutionProperties) = preSolution
		HideSolutionNode = FALSE
	EndGlobalSection
	GlobalSection(NestedProjects) = preSolution
		{3070EEC8-93D3-4973-8552-EE5E90931F96} = {4B7A73E7-9ED8-498B-B382-7135A861C5DF}
		{0465D59B-3590-485B-9746-B38FACBC004D} = {4B7A73E7-9ED8-498B-B382-7135A861C5DF}
		{19DBA668-6269-4622-8881-713159D73672} = {0465D59B-3590-485B-9746-B38FACBC004D}
		{B4210F7C-DE48-43A4-B951-6EDB815DEA5F} = {0465D59B-3590-485B-9746-B38FACBC004D}
		{336D675D-76B5-4748-A0D0-2118C0549C12} = {3070EEC8-93D3-4973-8552-EE5E90931F96}
		{501ABD5D-059F-4610-8A2E-EC1C87A99D98} = {19DBA668-6269-4622-8881-713159D73672}
		{1C149377-3E64-40DF-94E1-381344AF3E85} = {19DBA668-6269-4622-8881-713159D73672}
		{B9AB777C-2776-4800-96FA-A7F6CCDBCC65} = {B4210F7C-DE48-43A4-B951-6EDB815DEA5F}
		{AADA5050-9057-4CF3-AA45-9B498341E1BE} = {B4210F7C-DE48-43A4-B951-6EDB815DEA5F}
		{62E75D7C-A657-42A1-8195-F209C5A9998F} = {D5DB216C-292F-40F3-AB99-61B1A98A8279}
		{FB6FFABC-50D4-4744-B2AD-60479A3C0D10} = {D5DB216C-292F-40F3-AB99-61B1A98A8279}
	EndGlobalSection
	GlobalSection(ExtensibilityGlobals) = postSolution
		SolutionGuid = {F7B04787-0283-41BC-8747-A9AFEC304317}
	EndGlobalSection
EndGlobal
